
Microsoft Visual Studio Solution File, Format Version 12.00
Project("{FAE04EC0-301F-11D3-BF4B-00C04F79EFBC}") = "MoleImperator", "MoleImperator\MoleImperator.csproj", "{89E4F1DF-B05F-479A-9BF6-BA62998ED92C}"
EndProject
Global
	GlobalSection(SolutionConfigurationPlatforms) = preSolution
		Debug|Any CPU = Debug|Any CPU
		Release|Any CPU = Release|Any CPU
	EndGlobalSection
	GlobalSection(ProjectConfigurationPlatforms) = postSolution
		{89E4F1DF-B05F-479A-9BF6-BA62998ED92C}.Debug|Any CPU.ActiveCfg = Debug|Any CPU
		{89E4F1DF-B05F-479A-9BF6-BA62998ED92C}.Debug|Any CPU.Build.0 = Debug|Any CPU
		{89E4F1DF-B05F-479A-9BF6-BA62998ED92C}.Release|Any CPU.ActiveCfg = Release|Any CPU
		{89E4F1DF-B05F-479A-9BF6-BA62998ED92C}.Release|Any CPU.Build.0 = Release|Any CPU
	EndGlobalSection
EndGlobal
